
Microsoft Visual Studio Solution File, Format Version 12.00
# Visual Studio Version 16
VisualStudioVersion = 16.0.31402.337
MinimumVisualStudioVersion = 10.0.40219.1
Project("{FAE04EC0-301F-11D3-BF4B-00C04F79EFBC}") = "WinFormsApp1", "WinFormsApp1\WinFormsApp1.csproj", "{1140984C-EC07-4A87-88C6-AB3B564E435E}"
EndProject
Global
	GlobalSection(SolutionConfigurationPlatforms) = preSolution
		Debug|Any CPU = Debug|Any CPU
		Release|Any CPU = Release|Any CPU
	EndGlobalSection
	GlobalSection(ProjectConfigurationPlatforms) = postSolution
		{1140984C-EC07-4A87-88C6-AB3B564E435E}.Debug|Any CPU.ActiveCfg = Debug|Any CPU
		{1140984C-EC07-4A87-88C6-AB3B564E435E}.Debug|Any CPU.Build.0 = Debug|Any CPU
		{1140984C-EC07-4A87-88C6-AB3B564E435E}.Release|Any CPU.ActiveCfg = Release|Any CPU
		{1140984C-EC07-4A87-88C6-AB3B564E435E}.Release|Any CPU.Build.0 = Release|Any CPU
	EndGlobalSection
	GlobalSection(SolutionProperties) = preSolution
		HideSolutionNode = FALSE
	EndGlobalSection
	GlobalSection(ExtensibilityGlobals) = postSolution
		SolutionGuid = {36407968-1B55-4DD7-BE25-1F2306E8BB09}
	EndGlobalSection
EndGlobal
