
Microsoft Visual Studio Solution File, Format Version 12.00
# Visual Studio Version 16
VisualStudioVersion = 16.0.31402.337
MinimumVisualStudioVersion = 10.0.40219.1
Project("{FAE04EC0-301F-11D3-BF4B-00C04F79EFBC}") = "WpfApp1", "WpfApp1\WpfApp1.csproj", "{6E9DA671-CDEE-4966-AF6C-09B3B062F7DC}"
EndProject
Global
	GlobalSection(SolutionConfigurationPlatforms) = preSolution
		Debug|Any CPU = Debug|Any CPU
		Release|Any CPU = Release|Any CPU
	EndGlobalSection
	GlobalSection(ProjectConfigurationPlatforms) = postSolution
		{6E9DA671-CDEE-4966-AF6C-09B3B062F7DC}.Debug|Any CPU.ActiveCfg = Debug|Any CPU
		{6E9DA671-CDEE-4966-AF6C-09B3B062F7DC}.Debug|Any CPU.Build.0 = Debug|Any CPU
		{6E9DA671-CDEE-4966-AF6C-09B3B062F7DC}.Release|Any CPU.ActiveCfg = Release|Any CPU
		{6E9DA671-CDEE-4966-AF6C-09B3B062F7DC}.Release|Any CPU.Build.0 = Release|Any CPU
	EndGlobalSection
	GlobalSection(SolutionProperties) = preSolution
		HideSolutionNode = FALSE
	EndGlobalSection
	GlobalSection(ExtensibilityGlobals) = postSolution
		SolutionGuid = {E956D830-F20B-4AE9-A705-2DF952CC5998}
	EndGlobalSection
EndGlobal
